
Microsoft Visual Studio Solution File, Format Version 12.00
# Visual Studio Version 16
VisualStudioVersion = 16.0.32228.343
MinimumVisualStudioVersion = 10.0.40219.1
Project("{8BC9CEB8-8B4A-11D0-8D11-00A0C91BC942}") = "Chap1", "CppPracticeProblem\CppPracticeProblem.vcxproj", "{7F3F7874-42AE-4B66-8A68-4EA7F810EF08}"
EndProject
Project("{8BC9CEB8-8B4A-11D0-8D11-00A0C91BC942}") = "Chap2", "Chap2\Chap2.vcxproj", "{78F5D75B-E50A-4A07-88F4-167096119FFD}"
EndProject
Project("{8BC9CEB8-8B4A-11D0-8D11-00A0C91BC942}") = "Chap3", "Chap3\Chap3.vcxproj", "{8BCE8C67-767E-4821-A255-87B566470A38}"
EndProject
Project("{8BC9CEB8-8B4A-11D0-8D11-00A0C91BC942}") = "Chap4", "Chap4\Chap4.vcxproj", "{8600B4A7-D7F2-4F65-9DC2-FEF85B4F5B13}"
EndProject
Global
	GlobalSection(SolutionConfigurationPlatforms) = preSolution
		Debug|x64 = Debug|x64
		Debug|x86 = Debug|x86
		Release|x64 = Release|x64
		Release|x86 = Release|x86
	EndGlobalSection
	GlobalSection(ProjectConfigurationPlatforms) = postSolution
		{7F3F7874-42AE-4B66-8A68-4EA7F810EF08}.Debug|x64.ActiveCfg = Debug|x64
		{7F3F7874-42AE-4B66-8A68-4EA7F810EF08}.Debug|x64.Build.0 = Debug|x64
		{7F3F7874-42AE-4B66-8A68-4EA7F810EF08}.Debug|x86.ActiveCfg = Debug|Win32
		{7F3F7874-42AE-4B66-8A68-4EA7F810EF08}.Debug|x86.Build.0 = Debug|Win32
		{7F3F7874-42AE-4B66-8A68-4EA7F810EF08}.Release|x64.ActiveCfg = Release|x64
		{7F3F7874-42AE-4B66-8A68-4EA7F810EF08}.Release|x64.Build.0 = Release|x64
		{7F3F7874-42AE-4B66-8A68-4EA7F810EF08}.Release|x86.ActiveCfg = Release|Win32
		{7F3F7874-42AE-4B66-8A68-4EA7F810EF08}.Release|x86.Build.0 = Release|Win32
		{78F5D75B-E50A-4A07-88F4-167096119FFD}.Debug|x64.ActiveCfg = Debug|x64
		{78F5D75B-E50A-4A07-88F4-167096119FFD}.Debug|x64.Build.0 = Debug|x64
		{78F5D75B-E50A-4A07-88F4-167096119FFD}.Debug|x86.ActiveCfg = Debug|Win32
		{78F5D75B-E50A-4A07-88F4-167096119FFD}.Debug|x86.Build.0 = Debug|Win32
		{78F5D75B-E50A-4A07-88F4-167096119FFD}.Release|x64.ActiveCfg = Release|x64
		{78F5D75B-E50A-4A07-88F4-167096119FFD}.Release|x64.Build.0 = Release|x64
		{78F5D75B-E50A-4A07-88F4-167096119FFD}.Release|x86.ActiveCfg = Release|Win32
		{78F5D75B-E50A-4A07-88F4-167096119FFD}.Release|x86.Build.0 = Release|Win32
		{8BCE8C67-767E-4821-A255-87B566470A38}.Debug|x64.ActiveCfg = Debug|x64
		{8BCE8C67-767E-4821-A255-87B566470A38}.Debug|x64.Build.0 = Debug|x64
		{8BCE8C67-767E-4821-A255-87B566470A38}.Debug|x86.ActiveCfg = Debug|Win32
		{8BCE8C67-767E-4821-A255-87B566470A38}.Debug|x86.Build.0 = Debug|Win32
		{8BCE8C67-767E-4821-A255-87B566470A38}.Release|x64.ActiveCfg = Release|x64
		{8BCE8C67-767E-4821-A255-87B566470A38}.Release|x64.Build.0 = Release|x64
		{8BCE8C67-767E-4821-A255-87B566470A38}.Release|x86.ActiveCfg = Release|Win32
		{8BCE8C67-767E-4821-A255-87B566470A38}.Release|x86.Build.0 = Release|Win32
		{8600B4A7-D7F2-4F65-9DC2-FEF85B4F5B13}.Debug|x64.ActiveCfg = Debug|x64
		{8600B4A7-D7F2-4F65-9DC2-FEF85B4F5B13}.Debug|x64.Build.0 = Debug|x64
		{8600B4A7-D7F2-4F65-9DC2-FEF85B4F5B13}.Debug|x86.ActiveCfg = Debug|Win32
		{8600B4A7-D7F2-4F65-9DC2-FEF85B4F5B13}.Debug|x86.Build.0 = Debug|Win32
		{8600B4A7-D7F2-4F65-9DC2-FEF85B4F5B13}.Release|x64.ActiveCfg = Release|x64
		{8600B4A7-D7F2-4F65-9DC2-FEF85B4F5B13}.Release|x64.Build.0 = Release|x64
		{8600B4A7-D7F2-4F65-9DC2-FEF85B4F5B13}.Release|x86.ActiveCfg = Release|Win32
		{8600B4A7-D7F2-4F65-9DC2-FEF85B4F5B13}.Release|x86.Build.0 = Release|Win32
	EndGlobalSection
	GlobalSection(SolutionProperties) = preSolution
		HideSolutionNode = FALSE
	EndGlobalSection
	GlobalSection(ExtensibilityGlobals) = postSolution
		SolutionGuid = {6FCADC68-B0BB-45E3-89A6-A2417B5B7247}
	EndGlobalSection
EndGlobal
